
Microsoft Visual Studio Solution File, Format Version 12.00
# Visual Studio Version 16
VisualStudioVersion = 16.0.31829.152
MinimumVisualStudioVersion = 10.0.40219.1
Project("{9A19103F-16F7-4668-BE54-9A1E7A4F7556}") = "MirenFalls", "MirenFalls\MirenFalls.csproj", "{4650F415-7041-46B8-B355-037C782FE5FF}"
	ProjectSection(ProjectDependencies) = postProject
		{43A6D6CD-0A8E-42FB-9C0D-18DC06053F67} = {43A6D6CD-0A8E-42FB-9C0D-18DC06053F67}
	EndProjectSection
EndProject
Project("{9A19103F-16F7-4668-BE54-9A1E7A4F7556}") = "MFPExtension", "MFPExtension\MFPExtension.csproj", "{43A6D6CD-0A8E-42FB-9C0D-18DC06053F67}"
EndProject
Global
	GlobalSection(SolutionConfigurationPlatforms) = preSolution
		Debug|Any CPU = Debug|Any CPU
		Release|Any CPU = Release|Any CPU
	EndGlobalSection
	GlobalSection(ProjectConfigurationPlatforms) = postSolution
		{4650F415-7041-46B8-B355-037C782FE5FF}.Debug|Any CPU.ActiveCfg = Debug|Any CPU
		{4650F415-7041-46B8-B355-037C782FE5FF}.Debug|Any CPU.Build.0 = Debug|Any CPU
		{4650F415-7041-46B8-B355-037C782FE5FF}.Release|Any CPU.ActiveCfg = Release|Any CPU
		{4650F415-7041-46B8-B355-037C782FE5FF}.Release|Any CPU.Build.0 = Release|Any CPU
		{43A6D6CD-0A8E-42FB-9C0D-18DC06053F67}.Debug|Any CPU.ActiveCfg = Debug|Any CPU
		{43A6D6CD-0A8E-42FB-9C0D-18DC06053F67}.Debug|Any CPU.Build.0 = Debug|Any CPU
		{43A6D6CD-0A8E-42FB-9C0D-18DC06053F67}.Release|Any CPU.ActiveCfg = Release|Any CPU
		{43A6D6CD-0A8E-42FB-9C0D-18DC06053F67}.Release|Any CPU.Build.0 = Release|Any CPU
	EndGlobalSection
	GlobalSection(SolutionProperties) = preSolution
		HideSolutionNode = FALSE
	EndGlobalSection
	GlobalSection(ExtensibilityGlobals) = postSolution
		SolutionGuid = {4673122A-4334-4D98-BEA0-B9D349637588}
	EndGlobalSection
EndGlobal
